
Microsoft Visual Studio Solution File, Format Version 12.00
# Visual Studio Version 16
VisualStudioVersion = 16.0.28803.202
MinimumVisualStudioVersion = 10.0.40219.1
Project("{FAE04EC0-301F-11D3-BF4B-00C04F79EFBC}") = "ReportWebApp", "ReportWebApp\ReportWebApp.csproj", "{4DCC61A0-BE09-4DC8-A1D3-4DBE12926DAD}"
EndProject
Global
	GlobalSection(SolutionConfigurationPlatforms) = preSolution
		Debug|Any CPU = Debug|Any CPU
		Release|Any CPU = Release|Any CPU
	EndGlobalSection
	GlobalSection(ProjectConfigurationPlatforms) = postSolution
		{4DCC61A0-BE09-4DC8-A1D3-4DBE12926DAD}.Debug|Any CPU.ActiveCfg = Debug|Any CPU
		{4DCC61A0-BE09-4DC8-A1D3-4DBE12926DAD}.Debug|Any CPU.Build.0 = Debug|Any CPU
		{4DCC61A0-BE09-4DC8-A1D3-4DBE12926DAD}.Release|Any CPU.ActiveCfg = Release|Any CPU
		{4DCC61A0-BE09-4DC8-A1D3-4DBE12926DAD}.Release|Any CPU.Build.0 = Release|Any CPU
	EndGlobalSection
	GlobalSection(SolutionProperties) = preSolution
		HideSolutionNode = FALSE
	EndGlobalSection
	GlobalSection(ExtensibilityGlobals) = postSolution
		SolutionGuid = {369A4E84-2693-4B8D-A2D5-9419C749E749}
	EndGlobalSection
EndGlobal
